
Microsoft Visual Studio Solution File, Format Version 12.00
# Visual Studio Version 17
VisualStudioVersion = 17.11.35312.102
MinimumVisualStudioVersion = 10.0.40219.1
Project("{FAE04EC0-301F-11D3-BF4B-00C04F79EFBC}") = "JHelper.ProcessMemory", "JHelper.ProcessMemory.csproj", "{6211AE90-65AD-42DB-9040-F77D11605128}"
EndProject
Global
	GlobalSection(SolutionConfigurationPlatforms) = preSolution
		Debug|Any CPU = Debug|Any CPU
		Release|Any CPU = Release|Any CPU
	EndGlobalSection
	GlobalSection(ProjectConfigurationPlatforms) = postSolution
		{6211AE90-65AD-42DB-9040-F77D11605128}.Debug|Any CPU.ActiveCfg = Debug|Any CPU
		{6211AE90-65AD-42DB-9040-F77D11605128}.Debug|Any CPU.Build.0 = Debug|Any CPU
		{6211AE90-65AD-42DB-9040-F77D11605128}.Release|Any CPU.ActiveCfg = Release|Any CPU
		{6211AE90-65AD-42DB-9040-F77D11605128}.Release|Any CPU.Build.0 = Release|Any CPU
	EndGlobalSection
	GlobalSection(SolutionProperties) = preSolution
		HideSolutionNode = FALSE
	EndGlobalSection
	GlobalSection(ExtensibilityGlobals) = postSolution
		SolutionGuid = {61F5DAC7-62D6-4332-9B57-18CC49D7EC2F}
	EndGlobalSection
EndGlobal
